
Microsoft Visual Studio Solution File, Format Version 12.00
# Visual Studio Version 16
VisualStudioVersion = 16.0.30517.126
MinimumVisualStudioVersion = 10.0.40219.1
Project("{888888A0-9F3D-457C-B088-3A5042F75D52}") = "CrunchyRSSParser", "CrunchyRSSParser\CrunchyRSSParser.pyproj", "{D03B36BC-3D78-4BDF-B748-0B4C09D22EA7}"
EndProject
Global
	GlobalSection(SolutionConfigurationPlatforms) = preSolution
		Debug|Any CPU = Debug|Any CPU
		Release|Any CPU = Release|Any CPU
	EndGlobalSection
	GlobalSection(ProjectConfigurationPlatforms) = postSolution
		{D03B36BC-3D78-4BDF-B748-0B4C09D22EA7}.Debug|Any CPU.ActiveCfg = Debug|Any CPU
		{D03B36BC-3D78-4BDF-B748-0B4C09D22EA7}.Release|Any CPU.ActiveCfg = Release|Any CPU
	EndGlobalSection
	GlobalSection(SolutionProperties) = preSolution
		HideSolutionNode = FALSE
	EndGlobalSection
	GlobalSection(ExtensibilityGlobals) = postSolution
		SolutionGuid = {57C07590-02D0-4327-B3A0-BF158EBCD768}
	EndGlobalSection
EndGlobal
